
Microsoft Visual Studio Solution File, Format Version 12.00
# Visual Studio 15
VisualStudioVersion = 15.0.27004.2006
MinimumVisualStudioVersion = 10.0.40219.1
Project("{FAE04EC0-301F-11D3-BF4B-00C04F79EFBC}") = "P03_FootballBetting", "P03_FootballBetting\P03_FootballBetting.csproj", "{01A9F9DD-CD65-40F0-A623-714462A4B0BF}"
EndProject
Project("{FAE04EC0-301F-11D3-BF4B-00C04F79EFBC}") = "FootballBetting.StartUp", "FootballBetting.StartUp\FootballBetting.StartUp.csproj", "{4E66D601-8452-4B2E-88B8-2FDFE176F15A}"
EndProject
Global
	GlobalSection(SolutionConfigurationPlatforms) = preSolution
		Debug|Any CPU = Debug|Any CPU
		Release|Any CPU = Release|Any CPU
	EndGlobalSection
	GlobalSection(ProjectConfigurationPlatforms) = postSolution
		{01A9F9DD-CD65-40F0-A623-714462A4B0BF}.Debug|Any CPU.ActiveCfg = Debug|Any CPU
		{01A9F9DD-CD65-40F0-A623-714462A4B0BF}.Debug|Any CPU.Build.0 = Debug|Any CPU
		{01A9F9DD-CD65-40F0-A623-714462A4B0BF}.Release|Any CPU.ActiveCfg = Release|Any CPU
		{01A9F9DD-CD65-40F0-A623-714462A4B0BF}.Release|Any CPU.Build.0 = Release|Any CPU
		{4E66D601-8452-4B2E-88B8-2FDFE176F15A}.Debug|Any CPU.ActiveCfg = Debug|Any CPU
		{4E66D601-8452-4B2E-88B8-2FDFE176F15A}.Debug|Any CPU.Build.0 = Debug|Any CPU
		{4E66D601-8452-4B2E-88B8-2FDFE176F15A}.Release|Any CPU.ActiveCfg = Release|Any CPU
		{4E66D601-8452-4B2E-88B8-2FDFE176F15A}.Release|Any CPU.Build.0 = Release|Any CPU
	EndGlobalSection
	GlobalSection(SolutionProperties) = preSolution
		HideSolutionNode = FALSE
	EndGlobalSection
	GlobalSection(ExtensibilityGlobals) = postSolution
		SolutionGuid = {F50A01AD-DC34-4F06-9D93-25817B8B27C2}
	EndGlobalSection
EndGlobal
