
Microsoft Visual Studio Solution File, Format Version 12.00
# Visual Studio 15
VisualStudioVersion = 15.0.27004.2006
MinimumVisualStudioVersion = 10.0.40219.1
Project("{FAE04EC0-301F-11D3-BF4B-00C04F79EFBC}") = "ProductsShop.App", "ProductsShop.App\ProductsShop.App.csproj", "{494051D0-542A-4DA3-8B7E-E31D4CBBEB40}"
EndProject
Project("{FAE04EC0-301F-11D3-BF4B-00C04F79EFBC}") = "ProductsShop.Data", "ProductsShop.Data\ProductsShop.Data.csproj", "{A8F2F94E-6329-410D-9480-164440CFC9F5}"
EndProject
Project("{FAE04EC0-301F-11D3-BF4B-00C04F79EFBC}") = "ProductsShop.Models", "ProductsShop.Models\ProductsShop.Models.csproj", "{0CBE2FE4-12AB-4547-90F0-FE4A72BDDB23}"
EndProject
Global
	GlobalSection(SolutionConfigurationPlatforms) = preSolution
		Debug|Any CPU = Debug|Any CPU
		Release|Any CPU = Release|Any CPU
	EndGlobalSection
	GlobalSection(ProjectConfigurationPlatforms) = postSolution
		{494051D0-542A-4DA3-8B7E-E31D4CBBEB40}.Debug|Any CPU.ActiveCfg = Debug|Any CPU
		{494051D0-542A-4DA3-8B7E-E31D4CBBEB40}.Debug|Any CPU.Build.0 = Debug|Any CPU
		{494051D0-542A-4DA3-8B7E-E31D4CBBEB40}.Release|Any CPU.ActiveCfg = Release|Any CPU
		{494051D0-542A-4DA3-8B7E-E31D4CBBEB40}.Release|Any CPU.Build.0 = Release|Any CPU
		{A8F2F94E-6329-410D-9480-164440CFC9F5}.Debug|Any CPU.ActiveCfg = Debug|Any CPU
		{A8F2F94E-6329-410D-9480-164440CFC9F5}.Debug|Any CPU.Build.0 = Debug|Any CPU
		{A8F2F94E-6329-410D-9480-164440CFC9F5}.Release|Any CPU.ActiveCfg = Release|Any CPU
		{A8F2F94E-6329-410D-9480-164440CFC9F5}.Release|Any CPU.Build.0 = Release|Any CPU
		{0CBE2FE4-12AB-4547-90F0-FE4A72BDDB23}.Debug|Any CPU.ActiveCfg = Debug|Any CPU
		{0CBE2FE4-12AB-4547-90F0-FE4A72BDDB23}.Debug|Any CPU.Build.0 = Debug|Any CPU
		{0CBE2FE4-12AB-4547-90F0-FE4A72BDDB23}.Release|Any CPU.ActiveCfg = Release|Any CPU
		{0CBE2FE4-12AB-4547-90F0-FE4A72BDDB23}.Release|Any CPU.Build.0 = Release|Any CPU
	EndGlobalSection
	GlobalSection(SolutionProperties) = preSolution
		HideSolutionNode = FALSE
	EndGlobalSection
	GlobalSection(ExtensibilityGlobals) = postSolution
		SolutionGuid = {D5A6F84F-2DC5-4242-A460-FF5BD70E4121}
	EndGlobalSection
EndGlobal
